<?xml version="1.0" encoding="utf-8"?>
<Project ToolsVersion="4.0" xmlns="http://schemas.microsoft.com/developer/msbuild/2003">
  <ItemGroup>
    <Filter Include="Generated Files">
      <UniqueIdentifier>{46d1c13c-9a2c-4384-b438-68c49c3a208a}</UniqueIdentifier>
    </Filter>
    <Filter Include="Source Files">
      <UniqueIdentifier>{f2b3df29-d228-49f9-bcb8-3007255569e7}</UniqueIdentifier>
      <Extensions>cpp;c;edl;def;</Extensions>
    </Filter>
    <Filter Include="Header Files">
      <UniqueIdentifier>{e8b2291f-9d02-4d4c-8f61-fe939154cd30}</UniqueIdentifier>
      <Extensions>h;hpp;</Extensions>
    </Filter>
    <Filter Include="Resource Files">
      <UniqueIdentifier>{87b7c760-7500-47d4-8377-899810ab7ca4}</UniqueIdentifier>
      <Extensions>rc;xml;pem;</Extensions>
    </Filter>
  </ItemGroup>
  <ItemGroup>
    <ClCompile Include="Enclave_t.c">
      <Filter>Generated Files</Filter>
    </ClCompile>
    <ClCompile Include="Enclave.cpp">
      <Filter>Source Files</Filter>
    </ClCompile>
  </ItemGroup>
  <ItemGroup>
    <ClInclude Include="Enclave_t.h">
      <Filter>Generated Files</Filter>
    </ClInclude>
  </ItemGroup>
  <ItemGroup>
    <None Include="Enclave_private.pem">
      <Filter>Resource Files</Filter>
    </None>
  </ItemGroup>
  <ItemGroup>
    <Xml Include="Enclave.config.xml">
      <Filter>Resource Files</Filter>
    </Xml>
  </ItemGroup>
  <ItemGroup>
    <Text Include="ReadMe.txt" />
  </ItemGroup>
  <ItemGroup>
    <CustomBuild Include="Enclave.edl">
      <Filter>Source Files</Filter>
    </CustomBuild>
  </ItemGroup>
</Project>